
Microsoft Visual Studio Solution File, Format Version 12.00
# Visual Studio Version 17
VisualStudioVersion = 17.1.32104.313
MinimumVisualStudioVersion = 10.0.40219.1
Project("{FAE04EC0-301F-11D3-BF4B-00C04F79EFBC}") = "MorpheusSoft.Azure.Blob.Boilerplate", "MorpheusSoft.Azure.Blob.Boilerplate\MorpheusSoft.Azure.Blob.Boilerplate.csproj", "{B3A31522-95D1-4AAE-91D0-E604353AD958}"
EndProject
Project("{FAE04EC0-301F-11D3-BF4B-00C04F79EFBC}") = "MorpheusSoft.Azure.Blob.Service", "MorpheusSoft.Azure.Blob.Service\MorpheusSoft.Azure.Blob.Service.csproj", "{B0CBC8A4-9E06-4BE6-A984-56F3EEE87C11}"
EndProject
Global
	GlobalSection(SolutionConfigurationPlatforms) = preSolution
		Debug|Any CPU = Debug|Any CPU
		Release|Any CPU = Release|Any CPU
	EndGlobalSection
	GlobalSection(ProjectConfigurationPlatforms) = postSolution
		{B3A31522-95D1-4AAE-91D0-E604353AD958}.Debug|Any CPU.ActiveCfg = Debug|Any CPU
		{B3A31522-95D1-4AAE-91D0-E604353AD958}.Debug|Any CPU.Build.0 = Debug|Any CPU
		{B3A31522-95D1-4AAE-91D0-E604353AD958}.Release|Any CPU.ActiveCfg = Release|Any CPU
		{B3A31522-95D1-4AAE-91D0-E604353AD958}.Release|Any CPU.Build.0 = Release|Any CPU
		{B0CBC8A4-9E06-4BE6-A984-56F3EEE87C11}.Debug|Any CPU.ActiveCfg = Debug|Any CPU
		{B0CBC8A4-9E06-4BE6-A984-56F3EEE87C11}.Debug|Any CPU.Build.0 = Debug|Any CPU
		{B0CBC8A4-9E06-4BE6-A984-56F3EEE87C11}.Release|Any CPU.ActiveCfg = Release|Any CPU
		{B0CBC8A4-9E06-4BE6-A984-56F3EEE87C11}.Release|Any CPU.Build.0 = Release|Any CPU
	EndGlobalSection
	GlobalSection(SolutionProperties) = preSolution
		HideSolutionNode = FALSE
	EndGlobalSection
	GlobalSection(ExtensibilityGlobals) = postSolution
		SolutionGuid = {B89642CD-DB11-49D7-AF43-F6AAA3A59650}
	EndGlobalSection
EndGlobal
